#MicroXplorer Configuration settings - do not modify
CAD.formats=
CAD.pinconfig=
CAD.provider=
CORTEX_M7.IPParameters=default_mode_Activation
CORTEX_M7.default_mode_Activation=1
CortexM4.IPs=CORTEX_M4\:I,FATFS_M4\:I,FREERTOS_M4\:I,IWDG2\:I,OPENAMP_M4\:I,PDM2PCM_M4\:I,PWR,RCC,RESMGR_UTILITY,SYS_M4\:I,USB_DEVICE_M4\:I,USB_HOST_M4\:I,VREFBUF,WWDG2\:I,GPIO,DMA,BDMA,MDMA,NVIC2\:I,SPI1\:I,SDMMC1\:I
CortexM4.Pins=PE2,PE3,PE4,PD15,PG6,PG7,PG8,PA9,PA10,PD6,PD7,PG9,PG14,PB6
CortexM7.IPs=CORTEX_M7\:I,FATFS_M7\:I,FREERTOS_M7\:I,IWDG1\:I,OPENAMP_M7\:I,PDM2PCM_M7\:I,PWR\:I,RCC\:I,RESMGR_UTILITY\:I,SYS\:I,USB_DEVICE_M7\:I,USB_HOST_M7\:I,VREFBUF\:I,WWDG1\:I,GPIO\:I,DMA\:I,BDMA\:I,MDMA\:I,NVIC1\:I,ETH\:I
CortexM7.Pins=PA4,PA5,PA11,PA12
ETH.IPParameters=MediaInterface
ETH.MediaInterface=HAL_ETH_RMII_MODE
File.Version=6
GPIO.groupedBy=Group By Peripherals
KeepUserPlacement=false
Mcu.CPN=STM32H745ZIT3
Mcu.Context0=CortexM7
Mcu.Context1=CortexM4
Mcu.ContextNb=2
Mcu.Family=STM32H7
Mcu.IP0=CORTEX_M4
Mcu.IP1=CORTEX_M7
Mcu.IP2=ETH
Mcu.IP3=NVIC1
Mcu.IP4=NVIC2
Mcu.IP5=RCC
Mcu.IP6=SDMMC1
Mcu.IP7=SPI1
Mcu.IP8=SYS_M4
Mcu.IP9=SYS
Mcu.IPNb=10
Mcu.Name=STM32H745ZITx
Mcu.Package=LQFP144
Mcu.Pin0=PE2
Mcu.Pin1=PE3
Mcu.Pin10=PC5
Mcu.Pin11=PB11
Mcu.Pin12=PB12
Mcu.Pin13=PB13
Mcu.Pin14=PD15
Mcu.Pin15=PG6
Mcu.Pin16=PG7
Mcu.Pin17=PG8
Mcu.Pin18=PC8
Mcu.Pin19=PC9
Mcu.Pin2=PE4
Mcu.Pin20=PA9
Mcu.Pin21=PA10
Mcu.Pin22=PA11
Mcu.Pin23=PA12
Mcu.Pin24=PA13 (JTMS/SWDIO)
Mcu.Pin25=PA14 (JTCK/SWCLK)
Mcu.Pin26=PC10
Mcu.Pin27=PC11
Mcu.Pin28=PC12
Mcu.Pin29=PD2
Mcu.Pin3=PC1
Mcu.Pin30=PD6
Mcu.Pin31=PD7
Mcu.Pin32=PG9
Mcu.Pin33=PG11
Mcu.Pin34=PG14
Mcu.Pin35=PB4 (NJTRST)
Mcu.Pin36=PB5
Mcu.Pin37=PB6
Mcu.Pin38=VP_SYS_VS_Systick
Mcu.Pin39=VP_SYS_M4_VS_Systick
Mcu.Pin4=PA1
Mcu.Pin5=PA2
Mcu.Pin6=PA4
Mcu.Pin7=PA5
Mcu.Pin8=PA7
Mcu.Pin9=PC4
Mcu.PinsNb=40
Mcu.ThirdPartyNb=0
Mcu.UserConstants=
Mcu.UserName=STM32H745ZITx
MxCube.Version=6.17.0
MxDb.Version=DB.6.0.170
NVIC1.BusFault_IRQn=true\:0\:0\:false\:false\:true\:false\:false\:false
NVIC1.DebugMonitor_IRQn=true\:0\:0\:false\:false\:true\:false\:false\:false
NVIC1.ForceEnableDMAVector=true
NVIC1.HardFault_IRQn=true\:0\:0\:false\:false\:true\:false\:false\:false
NVIC1.MemoryManagement_IRQn=true\:0\:0\:false\:false\:true\:false\:false\:false
NVIC1.NonMaskableInt_IRQn=true\:0\:0\:false\:false\:true\:false\:false\:false
NVIC1.PendSV_IRQn=true\:0\:0\:false\:false\:true\:false\:false\:false
NVIC1.PriorityGroup=NVIC_PRIORITYGROUP_4
NVIC1.SVCall_IRQn=true\:0\:0\:false\:false\:true\:false\:false\:false
NVIC1.SysTick_IRQn=true\:15\:0\:false\:false\:true\:false\:true\:false
NVIC1.UsageFault_IRQn=true\:0\:0\:false\:false\:true\:false\:false\:false
NVIC2.BusFault_IRQn=true\:0\:0\:false\:false\:true\:false\:false\:false
NVIC2.DebugMonitor_IRQn=true\:0\:0\:false\:false\:true\:false\:false\:false
NVIC2.ForceEnableDMAVector=true
NVIC2.HardFault_IRQn=true\:0\:0\:false\:false\:true\:false\:false\:false
NVIC2.MemoryManagement_IRQn=true\:0\:0\:false\:false\:true\:false\:false\:false
NVIC2.NonMaskableInt_IRQn=true\:0\:0\:false\:false\:true\:false\:false\:false
NVIC2.PendSV_IRQn=true\:0\:0\:false\:false\:true\:false\:false\:false
NVIC2.PriorityGroup=NVIC_PRIORITYGROUP_4
NVIC2.SVCall_IRQn=true\:0\:0\:false\:false\:true\:false\:false\:false
NVIC2.SysTick_IRQn=true\:15\:0\:false\:false\:true\:false\:true\:false
NVIC2.UsageFault_IRQn=true\:0\:0\:false\:false\:true\:false\:false\:false
PA1.GPIOParameters=PinAttribute,GPIO_Speed_Default_HIGH
PA1.GPIO_Speed_Default_HIGH=GPIO_SPEED_FREQ_VERY_HIGH
PA1.Mode=RMII
PA1.PinAttribute=CortexM7
PA1.Signal=ETH_REF_CLK
PA10.ContextOwner=CortexM4
PA10.GPIOParameters=GPIO_Label,PinAttribute
PA10.GPIO_Label=M4_DBG2
PA10.Locked=true
PA10.PinAttribute=CortexM4
PA10.Signal=GPIO_Output
PA11.ContextOwner=CortexM7
PA11.GPIOParameters=GPIO_Label,PinAttribute
PA11.GPIO_Label=M7_DBG1
PA11.Locked=true
PA11.PinAttribute=CortexM7
PA11.Signal=GPIO_Output
PA12.ContextOwner=CortexM7
PA12.GPIOParameters=GPIO_Label,PinAttribute
PA12.GPIO_Label=M7_DBG2
PA12.Locked=true
PA12.PinAttribute=CortexM7
PA12.Signal=GPIO_Output
PA13\ (JTMS/SWDIO).Locked=true
PA13\ (JTMS/SWDIO).Signal=DEBUG_JTMS-SWDIO
PA14\ (JTCK/SWCLK).Locked=true
PA14\ (JTCK/SWCLK).Signal=DEBUG_JTCK-SWCLK
PA2.GPIOParameters=PinAttribute,GPIO_Speed_Default_HIGH
PA2.GPIO_Speed_Default_HIGH=GPIO_SPEED_FREQ_VERY_HIGH
PA2.Mode=RMII
PA2.PinAttribute=CortexM7
PA2.Signal=ETH_MDIO
PA4.ContextOwner=CortexM7
PA4.GPIOParameters=GPIO_Speed,PinState,GPIO_Label,PinAttribute
PA4.GPIO_Label=ETH_RESET
PA4.GPIO_Speed=GPIO_SPEED_FREQ_HIGH
PA4.Locked=true
PA4.PinAttribute=CortexM7
PA4.PinState=GPIO_PIN_RESET
PA4.Signal=GPIO_Output
PA5.ContextOwner=CortexM7
PA5.GPIOParameters=GPIO_PuPd,GPIO_Label,GPIO_ModeDefaultEXTI,PinAttribute
PA5.GPIO_Label=ETH_INT
PA5.GPIO_ModeDefaultEXTI=GPIO_MODE_IT_FALLING
PA5.GPIO_PuPd=GPIO_PULLUP
PA5.Locked=true
PA5.PinAttribute=CortexM7
PA5.Signal=GPXTI5
PA7.GPIOParameters=PinAttribute,GPIO_Speed_Default_HIGH
PA7.GPIO_Speed_Default_HIGH=GPIO_SPEED_FREQ_VERY_HIGH
PA7.Mode=RMII
PA7.PinAttribute=CortexM7
PA7.Signal=ETH_CRS_DV
PA9.ContextOwner=CortexM4
PA9.GPIOParameters=GPIO_Label,PinAttribute
PA9.GPIO_Label=M4_DBG1
PA9.Locked=true
PA9.PinAttribute=CortexM4
PA9.Signal=GPIO_Output
PB11.GPIOParameters=PinAttribute,GPIO_Speed_Default_HIGH
PB11.GPIO_Speed_Default_HIGH=GPIO_SPEED_FREQ_VERY_HIGH
PB11.Mode=RMII
PB11.PinAttribute=CortexM7
PB11.Signal=ETH_TX_EN
PB12.GPIOParameters=PinAttribute,GPIO_Speed_Default_HIGH
PB12.GPIO_Speed_Default_HIGH=GPIO_SPEED_FREQ_VERY_HIGH
PB12.Mode=RMII
PB12.PinAttribute=CortexM7
PB12.Signal=ETH_TXD0
PB13.GPIOParameters=PinAttribute,GPIO_Speed_Default_HIGH
PB13.GPIO_Speed_Default_HIGH=GPIO_SPEED_FREQ_VERY_HIGH
PB13.Mode=RMII
PB13.PinAttribute=CortexM7
PB13.Signal=ETH_TXD1
PB4\ (NJTRST).GPIOParameters=PinAttribute
PB4\ (NJTRST).Locked=true
PB4\ (NJTRST).Mode=Full_Duplex_Master
PB4\ (NJTRST).PinAttribute=CortexM4
PB4\ (NJTRST).Signal=SPI1_MISO
PB5.GPIOParameters=PinAttribute
PB5.Mode=Full_Duplex_Master
PB5.PinAttribute=CortexM4
PB5.Signal=SPI1_MOSI
PB6.ContextOwner=CortexM4
PB6.GPIOParameters=GPIO_Label,PinAttribute
PB6.GPIO_Label=SPI_INT
PB6.Locked=true
PB6.PinAttribute=CortexM4
PB6.Signal=GPXTI6
PC1.GPIOParameters=PinAttribute,GPIO_Speed_Default_HIGH
PC1.GPIO_Speed_Default_HIGH=GPIO_SPEED_FREQ_VERY_HIGH
PC1.Mode=RMII
PC1.PinAttribute=CortexM7
PC1.Signal=ETH_MDC
PC10.GPIOParameters=PinAttribute
PC10.Mode=SD_4_bits_Wide_bus
PC10.PinAttribute=CortexM4
PC10.Signal=SDMMC1_D2
PC11.GPIOParameters=PinAttribute
PC11.Mode=SD_4_bits_Wide_bus
PC11.PinAttribute=CortexM4
PC11.Signal=SDMMC1_D3
PC12.GPIOParameters=PinAttribute
PC12.Mode=SD_4_bits_Wide_bus
PC12.PinAttribute=CortexM4
PC12.Signal=SDMMC1_CK
PC4.GPIOParameters=PinAttribute,GPIO_Speed_Default_HIGH
PC4.GPIO_Speed_Default_HIGH=GPIO_SPEED_FREQ_VERY_HIGH
PC4.Mode=RMII
PC4.PinAttribute=CortexM7
PC4.Signal=ETH_RXD0
PC5.GPIOParameters=PinAttribute,GPIO_Speed_Default_HIGH
PC5.GPIO_Speed_Default_HIGH=GPIO_SPEED_FREQ_VERY_HIGH
PC5.Mode=RMII
PC5.PinAttribute=CortexM7
PC5.Signal=ETH_RXD1
PC8.GPIOParameters=PinAttribute
PC8.Mode=SD_4_bits_Wide_bus
PC8.PinAttribute=CortexM4
PC8.Signal=SDMMC1_D0
PC9.GPIOParameters=PinAttribute
PC9.Mode=SD_4_bits_Wide_bus
PC9.PinAttribute=CortexM4
PC9.Signal=SDMMC1_D1
PD15.ContextOwner=CortexM4
PD15.GPIOParameters=GPIO_Label,PinAttribute
PD15.GPIO_Label=SoS_LED1
PD15.Locked=true
PD15.PinAttribute=CortexM4
PD15.Signal=GPIO_Output
PD2.GPIOParameters=PinAttribute
PD2.Mode=SD_4_bits_Wide_bus
PD2.PinAttribute=CortexM4
PD2.Signal=SDMMC1_CMD
PD6.ContextOwner=CortexM4
PD6.GPIOParameters=GPIO_Label,PinAttribute
PD6.GPIO_Label=WL_REG_ON
PD6.Locked=true
PD6.PinAttribute=CortexM4
PD6.Signal=GPIO_Output
PD7.ContextOwner=CortexM4
PD7.GPIOParameters=GPIO_Label,PinAttribute
PD7.GPIO_Label=WL_DEV_WAKE
PD7.Locked=true
PD7.PinAttribute=CortexM4
PD7.Signal=GPIO_Output
PE2.ContextOwner=CortexM4
PE2.GPIOParameters=GPIO_Label,PinAttribute
PE2.GPIO_Label=WM_RESET
PE2.Locked=true
PE2.PinAttribute=CortexM4
PE2.Signal=GPIO_Output
PE3.ContextOwner=CortexM4
PE3.GPIOParameters=GPIO_Speed,GPIO_Label,PinAttribute
PE3.GPIO_Label=WM_WAKE
PE3.GPIO_Speed=GPIO_SPEED_FREQ_HIGH
PE3.Locked=true
PE3.PinAttribute=CortexM4
PE3.Signal=GPIO_Output
PE4.ContextOwner=CortexM4
PE4.GPIOParameters=GPIO_Label,PinAttribute
PE4.GPIO_Label=WM_BUSY
PE4.Locked=true
PE4.PinAttribute=CortexM4
PE4.Signal=GPXTI4
PG11.GPIOParameters=PinAttribute
PG11.Mode=Full_Duplex_Master
PG11.PinAttribute=CortexM4
PG11.Signal=SPI1_SCK
PG14.ContextOwner=CortexM4
PG14.GPIOParameters=GPIO_Label,PinAttribute
PG14.GPIO_Label=SPI1_CS
PG14.Locked=true
PG14.PinAttribute=CortexM4
PG14.Signal=GPIO_Output
PG6.ContextOwner=CortexM4
PG6.GPIOParameters=GPIO_Label,PinAttribute
PG6.GPIO_Label=SoS_LED2
PG6.Locked=true
PG6.PinAttribute=CortexM4
PG6.Signal=GPIO_Output
PG7.ContextOwner=CortexM4
PG7.GPIOParameters=GPIO_Label,PinAttribute
PG7.GPIO_Label=SoS_LED3
PG7.Locked=true
PG7.PinAttribute=CortexM4
PG7.Signal=GPIO_Output
PG8.ContextOwner=CortexM4
PG8.GPIOParameters=GPIO_Label,PinAttribute
PG8.GPIO_Label=SoS_LED4
PG8.Locked=true
PG8.PinAttribute=CortexM4
PG8.Signal=GPIO_Output
PG9.ContextOwner=CortexM4
PG9.GPIOParameters=GPIO_Label,PinAttribute
PG9.GPIO_Label=WL_HOST_WAKE
PG9.Locked=true
PG9.PinAttribute=CortexM4
PG9.Signal=GPXTI9
PinOutPanel.RotationAngle=0
ProjectManager.AskForMigrate=true
ProjectManager.BackupPrevious=false
ProjectManager.BootMode=boot0
ProjectManager.CompilerLinker=GCC
ProjectManager.CompilerOptimize=6
ProjectManager.ComputerToolchain=false
ProjectManager.CoupleFile=false
ProjectManager.CustomerFirmwarePackage=
ProjectManager.DefaultFWLocation=true
ProjectManager.DeletePrevious=true
ProjectManager.DeviceId=STM32H745ZITx
ProjectManager.FirmwarePackage=STM32Cube FW_H7 V1.13.0
ProjectManager.FreePins=false
ProjectManager.FreePinsContext=CortexM7
ProjectManager.HalAssertFull=false
ProjectManager.HeapSize=M4-0x200,M7-0x200
ProjectManager.KeepUserCode=true
ProjectManager.LastFirmware=true
ProjectManager.LibraryCopy=0
ProjectManager.MainLocation=Core/Src
ProjectManager.NoMain=false
ProjectManager.PreviousToolchain=
ProjectManager.ProjectBuild=false
ProjectManager.ProjectFileName=mradio.ioc
ProjectManager.ProjectName=mradio
ProjectManager.ProjectStructure=M7\:CortexM7 Project\:true;M4\:CortexM4 Project\:true;
ProjectManager.RegisterCallBack=
ProjectManager.StackSize=M4-0x400,M7-0x400
ProjectManager.TargetToolchain=EWARM V8.50
ProjectManager.ToolChainLocation=
ProjectManager.UAScriptAfterPath=
ProjectManager.UAScriptBeforePath=
ProjectManager.UnderRoot=false
ProjectManager.functionlistsort=1-SystemClock_Config-RCC-false-HAL-false-CortexM7,2-MX_GPIO_Init-GPIO-false-HAL-true-CortexM7,3-MX_ETH_Init-ETH-false-HAL-true-CortexM7,1-MX_GPIO_Init-GPIO-false-HAL-true-CortexM4,2-MX_SDMMC1_SD_Init-SDMMC1-false-HAL-true-CortexM4,3-MX_SPI1_Init-SPI1-false-HAL-true-CortexM4,0-MX_CORTEX_M7_Init-CORTEX_M7-false-HAL-true-CortexM7,0-MX_CORTEX_M4_Init-CORTEX_M4-false-HAL-true-CortexM4
RCC.ADCFreq_Value=129000000
RCC.AHB12Freq_Value=64000000
RCC.AHB4Freq_Value=64000000
RCC.APB1Freq_Value=64000000
RCC.APB2Freq_Value=64000000
RCC.APB3Freq_Value=64000000
RCC.APB4Freq_Value=64000000
RCC.AXIClockFreq_Value=64000000
RCC.CECFreq_Value=32000
RCC.CKPERFreq_Value=64000000
RCC.CPU2Freq_Value=64000000
RCC.CPU2SystikFreq_Value=64000000
RCC.CortexFreq_Value=64000000
RCC.CpuClockFreq_Value=64000000
RCC.D1CPREFreq_Value=64000000
RCC.DFSDMACLkFreq_Value=75000000
RCC.DFSDMFreq_Value=64000000
RCC.DIVM1=4
RCC.DIVN1=9
RCC.DIVP1Freq_Value=75000000
RCC.DIVP2Freq_Value=129000000
RCC.DIVP3Freq_Value=129000000
RCC.DIVQ1Freq_Value=75000000
RCC.DIVQ2Freq_Value=129000000
RCC.DIVQ3Freq_Value=129000000
RCC.DIVR1Freq_Value=75000000
RCC.DIVR2Freq_Value=129000000
RCC.DIVR3Freq_Value=129000000
RCC.FDCANFreq_Value=75000000
RCC.FMCFreq_Value=64000000
RCC.FamilyName=M
RCC.HCLK3ClockFreq_Value=64000000
RCC.HCLKFreq_Value=64000000
RCC.HRTIMFreq_Value=64000000
RCC.I2C123Freq_Value=64000000
RCC.I2C4Freq_Value=64000000
RCC.IPParameters=ADCFreq_Value,AHB12Freq_Value,AHB4Freq_Value,APB1Freq_Value,APB2Freq_Value,APB3Freq_Value,APB4Freq_Value,AXIClockFreq_Value,CECFreq_Value,CKPERFreq_Value,CPU2Freq_Value,CPU2SystikFreq_Value,CortexFreq_Value,CpuClockFreq_Value,D1CPREFreq_Value,DFSDMACLkFreq_Value,DFSDMFreq_Value,DIVM1,DIVN1,DIVP1Freq_Value,DIVP2Freq_Value,DIVP3Freq_Value,DIVQ1Freq_Value,DIVQ2Freq_Value,DIVQ3Freq_Value,DIVR1Freq_Value,DIVR2Freq_Value,DIVR3Freq_Value,FDCANFreq_Value,FMCFreq_Value,FamilyName,HCLK3ClockFreq_Value,HCLKFreq_Value,HRTIMFreq_Value,I2C123Freq_Value,I2C4Freq_Value,LPTIM1Freq_Value,LPTIM2Freq_Value,LPTIM345Freq_Value,LPUART1Freq_Value,LTDCFreq_Value,MCO1PinFreq_Value,MCO2PinFreq_Value,PLLFRACN,QSPIFreq_Value,RNGFreq_Value,RTCFreq_Value,SAI1Freq_Value,SAI23Freq_Value,SAI4AFreq_Value,SAI4BFreq_Value,SDMMCFreq_Value,SPDIFRXFreq_Value,SPI123Freq_Value,SPI45Freq_Value,SPI6Freq_Value,SWPMI1Freq_Value,SYSCLKFreq_VALUE,Tim1OutputFreq_Value,Tim2OutputFreq_Value,TraceFreq_Value,USART16Freq_Value,USART234578Freq_Value,USBFreq_Value,VCO1OutputFreq_Value,VCO2OutputFreq_Value,VCO3OutputFreq_Value,VCOInput1Freq_Value,VCOInput2Freq_Value,VCOInput3Freq_Value
RCC.LPTIM1Freq_Value=64000000
RCC.LPTIM2Freq_Value=64000000
RCC.LPTIM345Freq_Value=64000000
RCC.LPUART1Freq_Value=64000000
RCC.LTDCFreq_Value=129000000
RCC.MCO1PinFreq_Value=64000000
RCC.MCO2PinFreq_Value=64000000
RCC.PLLFRACN=3072
RCC.QSPIFreq_Value=64000000
RCC.RNGFreq_Value=48000000
RCC.RTCFreq_Value=32000
RCC.SAI1Freq_Value=75000000
RCC.SAI23Freq_Value=75000000
RCC.SAI4AFreq_Value=75000000
RCC.SAI4BFreq_Value=75000000
RCC.SDMMCFreq_Value=75000000
RCC.SPDIFRXFreq_Value=75000000
RCC.SPI123Freq_Value=75000000
RCC.SPI45Freq_Value=64000000
RCC.SPI6Freq_Value=64000000
RCC.SWPMI1Freq_Value=64000000
RCC.SYSCLKFreq_VALUE=64000000
RCC.Tim1OutputFreq_Value=64000000
RCC.Tim2OutputFreq_Value=64000000
RCC.TraceFreq_Value=64000000
RCC.USART16Freq_Value=64000000
RCC.USART234578Freq_Value=64000000
RCC.USBFreq_Value=75000000
RCC.VCO1OutputFreq_Value=150000000
RCC.VCO2OutputFreq_Value=258000000
RCC.VCO3OutputFreq_Value=258000000
RCC.VCOInput1Freq_Value=16000000
RCC.VCOInput2Freq_Value=2000000
RCC.VCOInput3Freq_Value=2000000
SDMMC1.HardwareFlowControl=SDMMC_HARDWARE_FLOW_CONTROL_ENABLE
SDMMC1.IPParameters=HardwareFlowControl
SH.GPXTI4.0=GPIO_EXTI4
SH.GPXTI4.ConfNb=1
SH.GPXTI5.0=GPIO_EXTI5
SH.GPXTI5.ConfNb=1
SH.GPXTI6.0=GPIO_EXTI6
SH.GPXTI6.ConfNb=1
SH.GPXTI9.0=GPIO_EXTI9
SH.GPXTI9.ConfNb=1
SPI1.CalculateBaudRate=37.5 MBits/s
SPI1.DataSize=SPI_DATASIZE_8BIT
SPI1.Direction=SPI_DIRECTION_2LINES
SPI1.IPParameters=VirtualType,Mode,Direction,CalculateBaudRate,DataSize
SPI1.Mode=SPI_MODE_MASTER
SPI1.VirtualType=VM_MASTER
SYS.userName=SYS_M7
VP_SYS_M4_VS_Systick.Mode=SysTick
VP_SYS_M4_VS_Systick.Signal=SYS_M4_VS_Systick
VP_SYS_VS_Systick.Mode=SysTick
VP_SYS_VS_Systick.Signal=SYS_VS_Systick
board=custom
